// !$*UTF8*$!
{
	archiveVersion = 1;
	classes = {
	};
	objectVersion = 77;
	objects = {

/* Begin PBXContainerItemProxy section */
		26665D8C2FAFA7070049A376 /* PBXContainerItemProxy */ = {
			isa = PBXContainerItemProxy;
			containerPortal = 26665D712FAFA6FF0049A376 /* Project object */;
			proxyType = 1;
			remoteGlobalIDString = 26665D782FAFA6FF0049A376;
			remoteInfo = Swift_UI_Clean_Architecture;
		};
		26665D962FAFA7080049A376 /* PBXContainerItemProxy */ = {
			isa = PBXContainerItemProxy;
			containerPortal = 26665D712FAFA6FF0049A376 /* Project object */;
			proxyType = 1;
			remoteGlobalIDString = 26665D782FAFA6FF0049A376;
			remoteInfo = Swift_UI_Clean_Architecture;
		};
/* End PBXContainerItemProxy section */

/* Begin PBXFileReference section */
		26665D792FAFA7000049A376 /* Swift_UI_Clean_Architecture.app */ = {isa = PBXFileReference; explicitFileType = wrapper.application; includeInIndex = 0; path = Swift_UI_Clean_Architecture.app; sourceTree = BUILT_PRODUCTS_DIR; };
		26665D8B2FAFA7070049A376 /* Swift_UI_Clean_ArchitectureTests.xctest */ = {isa = PBXFileReference; explicitFileType = wrapper.cfbundle; includeInIndex = 0; path = Swift_UI_Clean_ArchitectureTests.xctest; sourceTree = BUILT_PRODUCTS_DIR; };
		26665D952FAFA7080049A376 /* Swift_UI_Clean_ArchitectureUITests.xctest */ = {isa = PBXFileReference; explicitFileType = wrapper.cfbundle; includeInIndex = 0; path = Swift_UI_Clean_ArchitectureUITests.xctest; sourceTree = BUILT_PRODUCTS_DIR; };
/* End PBXFileReference section */

/* Begin PBXFileSystemSynchronizedRootGroup section */
		26665D7B2FAFA7000049A376 /* Swift_UI_Clean_Architecture */ = {
			isa = PBXFileSystemSynchronizedRootGroup;
			path = Swift_UI_Clean_Architecture;
			sourceTree = "<group>";
		};
		26665D8E2FAFA7070049A376 /* Swift_UI_Clean_ArchitectureTests */ = {
			isa = PBXFileSystemSynchronizedRootGroup;
			path = Swift_UI_Clean_ArchitectureTests;
			sourceTree = "<group>";
		};
		26665D982FAFA7080049A376 /* Swift_UI_Clean_ArchitectureUITests */ = {
			isa = PBXFileSystemSynchronizedRootGroup;
			path = Swift_UI_Clean_ArchitectureUITests;
			sourceTree = "<group>";
		};
/* End PBXFileSystemSynchronizedRootGroup section */

/* Begin PBXFrameworksBuildPhase section */
		26665D762FAFA6FF0049A376 /* Frameworks */ = {
			isa = PBXFrameworksBuildPhase;
			buildActionMask = 2147483647;
			files = (
			);
			runOnlyForDeploymentPostprocessing = 0;
		};
		26665D882FAFA7070049A376 /* Frameworks */ = {
			isa = PBXFrameworksBuildPhase;
			buildActionMask = 2147483647;
			files = (
			);
			runOnlyForDeploymentPostprocessing = 0;
		};
		26665D922FAFA7080049A376 /* Frameworks */ = {
			isa = PBXFrameworksBuildPhase;
			buildActionMask = 2147483647;
			files = (
			);
			runOnlyForDeploymentPostprocessing = 0;
		};
/* End PBXFrameworksBuildPhase section */

/* Begin PBXGroup section */
		26665D702FAFA6FF0049A376 = {
			isa = PBXGroup;
			children = (
				26665D7B2FAFA7000049A376 /* Swift_UI_Clean_Architecture */,
				26665D8E2FAFA7070049A376 /* Swift_UI_Clean_ArchitectureTests */,
				26665D982FAFA7080049A376 /* Swift_UI_Clean_ArchitectureUITests */,
				26665D7A2FAFA7000049A376 /* Products */,
			);
			sourceTree = "<group>";
		};
		26665D7A2FAFA7000049A376 /* Products */ = {
			isa = PBXGroup;
			children = (
				26665D792FAFA7000049A376 /* Swift_UI_Clean_Architecture.app */,
				26665D8B2FAFA7070049A376 /* Swift_UI_Clean_ArchitectureTests.xctest */,
				26665D952FAFA7080049A376 /* Swift_UI_Clean_ArchitectureUITests.xctest */,
			);
			name = Products;
			sourceTree = "<group>";
		};
/* End PBXGroup section */

/* Begin PBXNativeTarget section */
		26665D782FAFA6FF0049A376 /* Swift_UI_Clean_Architecture */ = {
			isa = PBXNativeTarget;
			buildConfigurationList = 26665D9F2FAFA7080049A376 /* Build configuration list for PBXNativeTarget "Swift_UI_Clean_Architecture" */;
			buildPhases = (
				26665D752FAFA6FF0049A376 /* Sources */,
				26665D762FAFA6FF0049A376 /* Frameworks */,
				26665D772FAFA6FF0049A376 /* Resources */,
			);
			buildRules = (
			);
			dependencies = (
			);
			fileSystemSynchronizedGroups = (
				26665D7B2FAFA7000049A376 /* Swift_UI_Clean_Architecture */,
			);
			name = Swift_UI_Clean_Architecture;
			packageProductDependencies = (
			);
			productName = Swift_UI_Clean_Architecture;
			productReference = 26665D792FAFA7000049A376 /* Swift_UI_Clean_Architecture.app */;
			productType = "com.apple.product-type.application";
		};
		26665D8A2FAFA7070049A376 /* Swift_UI_Clean_ArchitectureTests */ = {
			isa = PBXNativeTarget;
			buildConfigurationList = 26665DA22FAFA7080049A376 /* Build configuration list for PBXNativeTarget "Swift_UI_Clean_ArchitectureTests" */;
			buildPhases = (
				26665D872FAFA7070049A376 /* Sources */,
				26665D882FAFA7070049A376 /* Frameworks */,
				26665D892FAFA7070049A376 /* Resources */,
			);
			buildRules = (
			);
			dependencies = (
				26665D8D2FAFA7070049A376 /* PBXTargetDependency */,
			);
			fileSystemSynchronizedGroups = (
				26665D8E2FAFA7070049A376 /* Swift_UI_Clean_ArchitectureTests */,
			);
			name = Swift_UI_Clean_ArchitectureTests;
			packageProductDependencies = (
			);
			productName = Swift_UI_Clean_ArchitectureTests;
			productReference = 26665D8B2FAFA7070049A376 /* Swift_UI_Clean_ArchitectureTests.xctest */;
			productType = "com.apple.product-type.bundle.unit-test";
		};
		26665D942FAFA7080049A376 /* Swift_UI_Clean_ArchitectureUITests */ = {
			isa = PBXNativeTarget;
			buildConfigurationList = 26665DA52FAFA7080049A376 /* Build configuration list for PBXNativeTarget "Swift_UI_Clean_ArchitectureUITests" */;
			buildPhases = (
				26665D912FAFA7080049A376 /* Sources */,
				26665D922FAFA7080049A376 /* Frameworks */,
				26665D932FAFA7080049A376 /* Resources */,
			);
			buildRules = (
			);
			dependencies = (
				26665D972FAFA7080049A376 /* PBXTargetDependency */,
			);
			fileSystemSynchronizedGroups = (
				26665D982FAFA7080049A376 /* Swift_UI_Clean_ArchitectureUITests */,
			);
			name = Swift_UI_Clean_ArchitectureUITests;
			packageProductDependencies = (
			);
			productName = Swift_UI_Clean_ArchitectureUITests;
			productReference = 26665D952FAFA7080049A376 /* Swift_UI_Clean_ArchitectureUITests.xctest */;
			productType = "com.apple.product-type.bundle.ui-testing";
		};
/* End PBXNativeTarget section */

/* Begin PBXProject section */
		26665D712FAFA6FF0049A376 /* Project object */ = {
			isa = PBXProject;
			attributes = {
				BuildIndependentTargetsInParallel = 1;
				LastSwiftUpdateCheck = 2620;
				LastUpgradeCheck = 2620;
				TargetAttributes = {
					26665D782FAFA6FF0049A376 = {
						CreatedOnToolsVersion = 26.2;
					};
					26665D8A2FAFA7070049A376 = {
						CreatedOnToolsVersion = 26.2;
						TestTargetID = 26665D782FAFA6FF0049A376;
					};
					26665D942FAFA7080049A376 = {
						CreatedOnToolsVersion = 26.2;
						TestTargetID = 26665D782FAFA6FF0049A376;
					};
				};
			};
			buildConfigurationList = 26665D742FAFA6FF0049A376 /* Build configuration list for PBXProject "Swift_UI_Clean_Architecture" */;
			developmentRegion = en;
			hasScannedForEncodings = 0;
			knownRegions = (
				en,
				Base,
			);
			mainGroup = 26665D702FAFA6FF0049A376;
			minimizedProjectReferenceProxies = 1;
			preferredProjectObjectVersion = 77;
			productRefGroup = 26665D7A2FAFA7000049A376 /* Products */;
			projectDirPath = "";
			projectRoot = "";
			targets = (
				26665D782FAFA6FF0049A376 /* Swift_UI_Clean_Architecture */,
				26665D8A2FAFA7070049A376 /* Swift_UI_Clean_ArchitectureTests */,
				26665D942FAFA7080049A376 /* Swift_UI_Clean_ArchitectureUITests */,
			);
		};
/* End PBXProject section */

/* Begin PBXResourcesBuildPhase section */
		26665D772FAFA6FF0049A376 /* Resources */ = {
			isa = PBXResourcesBuildPhase;
			buildActionMask = 2147483647;
			files = (
			);
			runOnlyForDeploymentPostprocessing = 0;
		};
		26665D892FAFA7070049A376 /* Resources */ = {
			isa = PBXResourcesBuildPhase;
			buildActionMask = 2147483647;
			files = (
			);
			runOnlyForDeploymentPostprocessing = 0;
		};
		26665D932FAFA7080049A376 /* Resources */ = {
			isa = PBXResourcesBuildPhase;
			buildActionMask = 2147483647;
			files = (
			);
			runOnlyForDeploymentPostprocessing = 0;
		};
/* End PBXResourcesBuildPhase section */

/* Begin PBXSourcesBuildPhase section */
		26665D752FAFA6FF0049A376 /* Sources */ = {
			isa = PBXSourcesBuildPhase;
			buildActionMask = 2147483647;
			files = (
			);
			runOnlyForDeploymentPostprocessing = 0;
		};
		26665D872FAFA7070049A376 /* Sources */ = {
			isa = PBXSourcesBuildPhase;
			buildActionMask = 2147483647;
			files = (
			);
			runOnlyForDeploymentPostprocessing = 0;
		};
		26665D912FAFA7080049A376 /* Sources */ = {
			isa = PBXSourcesBuildPhase;
			buildActionMask = 2147483647;
			files = (
			);
			runOnlyForDeploymentPostprocessing = 0;
		};
/* End PBXSourcesBuildPhase section */

/* Begin PBXTargetDependency section */
		26665D8D2FAFA7070049A376 /* PBXTargetDependency */ = {
			isa = PBXTargetDependency;
			target = 26665D782FAFA6FF0049A376 /* Swift_UI_Clean_Architecture */;
			targetProxy = 26665D8C2FAFA7070049A376 /* PBXContainerItemProxy */;
		};
		26665D972FAFA7080049A376 /* PBXTargetDependency */ = {
			isa = PBXTargetDependency;
			target = 26665D782FAFA6FF0049A376 /* Swift_UI_Clean_Architecture */;
			targetProxy = 26665D962FAFA7080049A376 /* PBXContainerItemProxy */;
		};
/* End PBXTargetDependency section */

/* Begin XCBuildConfiguration section */
		26665D9D2FAFA7080049A376 /* Debug */ = {
			isa = XCBuildConfiguration;
			buildSettings = {
				ALWAYS_SEARCH_USER_PATHS = NO;
				ASSETCATALOG_COMPILER_GENERATE_SWIFT_ASSET_SYMBOL_EXTENSIONS = YES;
				CLANG_ANALYZER_NONNULL = YES;
				CLANG_ANALYZER_NUMBER_OBJECT_CONVERSION = YES_AGGRESSIVE;
				CLANG_CXX_LANGUAGE_STANDARD = "gnu++20";
				CLANG_ENABLE_MODULES = YES;
				CLANG_ENABLE_OBJC_ARC = YES;
				CLANG_ENABLE_OBJC_WEAK = YES;
				CLANG_WARN_BLOCK_CAPTURE_AUTORELEASING = YES;
				CLANG_WARN_BOOL_CONVERSION = YES;
				CLANG_WARN_COMMA = YES;
				CLANG_WARN_CONSTANT_CONVERSION = YES;
				CLANG_WARN_DEPRECATED_OBJC_IMPLEMENTATIONS = YES;
				CLANG_WARN_DIRECT_OBJC_ISA_USAGE = YES_ERROR;
				CLANG_WARN_DOCUMENTATION_COMMENTS = YES;
				CLANG_WARN_EMPTY_BODY = YES;
				CLANG_WARN_ENUM_CONVERSION = YES;
				CLANG_WARN_INFINITE_RECURSION = YES;
				CLANG_WARN_INT_CONVERSION = YES;
				CLANG_WARN_NON_LITERAL_NULL_CONVERSION = YES;
				CLANG_WARN_OBJC_IMPLICIT_RETAIN_SELF = YES;
				CLANG_WARN_OBJC_LITERAL_CONVERSION = YES;
				CLANG_WARN_OBJC_ROOT_CLASS = YES_ERROR;
				CLANG_WARN_QUOTED_INCLUDE_IN_FRAMEWORK_HEADER = YES;
				CLANG_WARN_RANGE_LOOP_ANALYSIS = YES;
				CLANG_WARN_STRICT_PROTOTYPES = YES;
				CLANG_WARN_SUSPICIOUS_MOVE = YES;
				CLANG_WARN_UNGUARDED_AVAILABILITY = YES_AGGRESSIVE;
				CLANG_WARN_UNREACHABLE_CODE = YES;
				CLANG_WARN__DUPLICATE_METHOD_MATCH = YES;
				COPY_PHASE_STRIP = NO;
				DEBUG_INFORMATION_FORMAT = dwarf;
				ENABLE_STRICT_OBJC_MSGSEND = YES;
				ENABLE_TESTABILITY = YES;
				ENABLE_USER_SCRIPT_SANDBOXING = YES;
				GCC_C_LANGUAGE_STANDARD = gnu17;
				GCC_DYNAMIC_NO_PIC = NO;
				GCC_NO_COMMON_BLOCKS = YES;
				GCC_OPTIMIZATION_LEVEL = 0;
				GCC_PREPROCESSOR_DEFINITIONS = (
					"DEBUG=1",
					"$(inherited)",
				);
				GCC_WARN_64_TO_32_BIT_CONVERSION = YES;
				GCC_WARN_ABOUT_RETURN_TYPE = YES_ERROR;
				GCC_WARN_UNDECLARED_SELECTOR = YES;
				GCC_WARN_UNINITIALIZED_AUTOS = YES_AGGRESSIVE;
				GCC_WARN_UNUSED_FUNCTION = YES;
				GCC_WARN_UNUSED_VARIABLE = YES;
				IPHONEOS_DEPLOYMENT_TARGET = 26.2;
				LOCALIZATION_PREFERS_STRING_CATALOGS = YES;
				MTL_ENABLE_DEBUG_INFO = INCLUDE_SOURCE;
				MTL_FAST_MATH = YES;
				ONLY_ACTIVE_ARCH = YES;
				SDKROOT = iphoneos;
				SWIFT_ACTIVE_COMPILATION_CONDITIONS = "DEBUG $(inherited)";
				SWIFT_OPTIMIZATION_LEVEL = "-Onone";
			};
			name = Debug;
		};
		26665D9E2FAFA7080049A376 /* Release */ = {
			isa = XCBuildConfiguration;
			buildSettings = {
				ALWAYS_SEARCH_USER_PATHS = NO;
				ASSETCATALOG_COMPILER_GENERATE_SWIFT_ASSET_SYMBOL_EXTENSIONS = YES;
				CLANG_ANALYZER_NONNULL = YES;
				CLANG_ANALYZER_NUMBER_OBJECT_CONVERSION = YES_AGGRESSIVE;
				CLANG_CXX_LANGUAGE_STANDARD = "gnu++20";
				CLANG_ENABLE_MODULES = YES;
				CLANG_ENABLE_OBJC_ARC = YES;
				CLANG_ENABLE_OBJC_WEAK = YES;
				CLANG_WARN_BLOCK_CAPTURE_AUTORELEASING = YES;
				CLANG_WARN_BOOL_CONVERSION = YES;
				CLANG_WARN_COMMA = YES;
				CLANG_WARN_CONSTANT_CONVERSION = YES;
				CLANG_WARN_DEPRECATED_OBJC_IMPLEMENTATIONS = YES;
				CLANG_WARN_DIRECT_OBJC_ISA_USAGE = YES_ERROR;
				CLANG_WARN_DOCUMENTATION_COMMENTS = YES;
				CLANG_WARN_EMPTY_BODY = YES;
				CLANG_WARN_ENUM_CONVERSION = YES;
				CLANG_WARN_INFINITE_RECURSION = YES;
				CLANG_WARN_INT_CONVERSION = YES;
				CLANG_WARN_NON_LITERAL_NULL_CONVERSION = YES;
				CLANG_WARN_OBJC_IMPLICIT_RETAIN_SELF = YES;
				CLANG_WARN_OBJC_LITERAL_CONVERSION = YES;
				CLANG_WARN_OBJC_ROOT_CLASS = YES_ERROR;
				CLANG_WARN_QUOTED_INCLUDE_IN_FRAMEWORK_HEADER = YES;
				CLANG_WARN_RANGE_LOOP_ANALYSIS = YES;
				CLANG_WARN_STRICT_PROTOTYPES = YES;
				CLANG_WARN_SUSPICIOUS_MOVE = YES;
				CLANG_WARN_UNGUARDED_AVAILABILITY = YES_AGGRESSIVE;
				CLANG_WARN_UNREACHABLE_CODE = YES;
				CLANG_WARN__DUPLICATE_METHOD_MATCH = YES;
				COPY_PHASE_STRIP = NO;
				DEBUG_INFORMATION_FORMAT = "dwarf-with-dsym";
				ENABLE_NS_ASSERTIONS = NO;
				ENABLE_STRICT_OBJC_MSGSEND = YES;
				ENABLE_USER_SCRIPT_SANDBOXING = YES;
				GCC_C_LANGUAGE_STANDARD = gnu17;
				GCC_NO_COMMON_BLOCKS = YES;
				GCC_WARN_64_TO_32_BIT_CONVERSION = YES;
				GCC_WARN_ABOUT_RETURN_TYPE = YES_ERROR;
				GCC_WARN_UNDECLARED_SELECTOR = YES;
				GCC_WARN_UNINITIALIZED_AUTOS = YES_AGGRESSIVE;
				GCC_WARN_UNUSED_FUNCTION = YES;
				GCC_WARN_UNUSED_VARIABLE = YES;
				IPHONEOS_DEPLOYMENT_TARGET = 26.2;
				LOCALIZATION_PREFERS_STRING_CATALOGS = YES;
				MTL_ENABLE_DEBUG_INFO = NO;
				MTL_FAST_MATH = YES;
				SDKROOT = iphoneos;
				SWIFT_COMPILATION_MODE = wholemodule;
				VALIDATE_PRODUCT = YES;
			};
			name = Release;
		};
		26665DA02FAFA7080049A376 /* Debug */ = {
			isa = XCBuildConfiguration;
			buildSettings = {
				ASSETCATALOG_COMPILER_APPICON_NAME = AppIcon;
				ASSETCATALOG_COMPILER_GLOBAL_ACCENT_COLOR_NAME = AccentColor;
				CODE_SIGN_STYLE = Automatic;
				CURRENT_PROJECT_VERSION = 1;
				ENABLE_PREVIEWS = YES;
				GENERATE_INFOPLIST_FILE = YES;
				INFOPLIST_KEY_CFBundleDisplayName = Swift_UI_Learning;
				INFOPLIST_KEY_UIApplicationSceneManifest_Generation = YES;
				INFOPLIST_KEY_UIApplicationSupportsIndirectInputEvents = YES;
				INFOPLIST_KEY_UILaunchScreen_Generation = YES;
				INFOPLIST_KEY_UISupportedInterfaceOrientations_iPad = "UIInterfaceOrientationPortrait UIInterfaceOrientationPortraitUpsideDown UIInterfaceOrientationLandscapeLeft UIInterfaceOrientationLandscapeRight";
				INFOPLIST_KEY_UISupportedInterfaceOrientations_iPhone = "UIInterfaceOrientationPortrait UIInterfaceOrientationLandscapeLeft UIInterfaceOrientationLandscapeRight";
				LD_RUNPATH_SEARCH_PATHS = (
					"$(inherited)",
					"@executable_path/Frameworks",
				);
				MARKETING_VERSION = 1.0;
				PRODUCT_BUNDLE_IDENTIFIER = "com.akashrevanna.Swift-UI-Clean-Architecture";
				PRODUCT_NAME = "$(TARGET_NAME)";
				STRING_CATALOG_GENERATE_SYMBOLS = YES;
				SWIFT_APPROACHABLE_CONCURRENCY = YES;
				SWIFT_DEFAULT_ACTOR_ISOLATION = MainActor;
				SWIFT_EMIT_LOC_STRINGS = YES;
				SWIFT_UPCOMING_FEATURE_MEMBER_IMPORT_VISIBILITY = YES;
				SWIFT_VERSION = 5.0;
				TARGETED_DEVICE_FAMILY = "1,2";
			};
			name = Debug;
		};
		26665DA12FAFA7080049A376 /* Release */ = {
			isa = XCBuildConfiguration;
			buildSettings = {
				ASSETCATALOG_COMPILER_APPICON_NAME = AppIcon;
				ASSETCATALOG_COMPILER_GLOBAL_ACCENT_COLOR_NAME = AccentColor;
				CODE_SIGN_STYLE = Automatic;
				CURRENT_PROJECT_VERSION = 1;
				ENABLE_PREVIEWS = YES;
				GENERATE_INFOPLIST_FILE = YES;
				INFOPLIST_KEY_CFBundleDisplayName = Swift_UI_Learning;
				INFOPLIST_KEY_UIApplicationSceneManifest_Generation = YES;
				INFOPLIST_KEY_UIApplicationSupportsIndirectInputEvents = YES;
				INFOPLIST_KEY_UILaunchScreen_Generation = YES;
				INFOPLIST_KEY_UISupportedInterfaceOrientations_iPad = "UIInterfaceOrientationPortrait UIInterfaceOrientationPortraitUpsideDown UIInterfaceOrientationLandscapeLeft UIInterfaceOrientationLandscapeRight";
				INFOPLIST_KEY_UISupportedInterfaceOrientations_iPhone = "UIInterfaceOrientationPortrait UIInterfaceOrientationLandscapeLeft UIInterfaceOrientationLandscapeRight";
				LD_RUNPATH_SEARCH_PATHS = (
					"$(inherited)",
					"@executable_path/Frameworks",
				);
				MARKETING_VERSION = 1.0;
				PRODUCT_BUNDLE_IDENTIFIER = "com.akashrevanna.Swift-UI-Clean-Architecture";
				PRODUCT_NAME = "$(TARGET_NAME)";
				STRING_CATALOG_GENERATE_SYMBOLS = YES;
				SWIFT_APPROACHABLE_CONCURRENCY = YES;
				SWIFT_DEFAULT_ACTOR_ISOLATION = MainActor;
				SWIFT_EMIT_LOC_STRINGS = YES;
				SWIFT_UPCOMING_FEATURE_MEMBER_IMPORT_VISIBILITY = YES;
				SWIFT_VERSION = 5.0;
				TARGETED_DEVICE_FAMILY = "1,2";
			};
			name = Release;
		};
		26665DA32FAFA7080049A376 /* Debug */ = {
			isa = XCBuildConfiguration;
			buildSettings = {
				BUNDLE_LOADER = "$(TEST_HOST)";
				CODE_SIGN_STYLE = Automatic;
				CURRENT_PROJECT_VERSION = 1;
				GENERATE_INFOPLIST_FILE = YES;
				IPHONEOS_DEPLOYMENT_TARGET = 26.2;
				MARKETING_VERSION = 1.0;
				PRODUCT_BUNDLE_IDENTIFIER = "com.akashrevanna.Swift-UI-Clean-ArchitectureTests";
				PRODUCT_NAME = "$(TARGET_NAME)";
				STRING_CATALOG_GENERATE_SYMBOLS = NO;
				SWIFT_APPROACHABLE_CONCURRENCY = YES;
				SWIFT_EMIT_LOC_STRINGS = NO;
				SWIFT_UPCOMING_FEATURE_MEMBER_IMPORT_VISIBILITY = YES;
				SWIFT_VERSION = 5.0;
				TARGETED_DEVICE_FAMILY = "1,2";
				TEST_HOST = "$(BUILT_PRODUCTS_DIR)/Swift_UI_Clean_Architecture.app/$(BUNDLE_EXECUTABLE_FOLDER_PATH)/Swift_UI_Clean_Architecture";
			};
			name = Debug;
		};
		26665DA42FAFA7080049A376 /* Release */ = {
			isa = XCBuildConfiguration;
			buildSettings = {
				BUNDLE_LOADER = "$(TEST_HOST)";
				CODE_SIGN_STYLE = Automatic;
				CURRENT_PROJECT_VERSION = 1;
				GENERATE_INFOPLIST_FILE = YES;
				IPHONEOS_DEPLOYMENT_TARGET = 26.2;
				MARKETING_VERSION = 1.0;
				PRODUCT_BUNDLE_IDENTIFIER = "com.akashrevanna.Swift-UI-Clean-ArchitectureTests";
				PRODUCT_NAME = "$(TARGET_NAME)";
				STRING_CATALOG_GENERATE_SYMBOLS = NO;
				SWIFT_APPROACHABLE_CONCURRENCY = YES;
				SWIFT_EMIT_LOC_STRINGS = NO;
				SWIFT_UPCOMING_FEATURE_MEMBER_IMPORT_VISIBILITY = YES;
				SWIFT_VERSION = 5.0;
				TARGETED_DEVICE_FAMILY = "1,2";
				TEST_HOST = "$(BUILT_PRODUCTS_DIR)/Swift_UI_Clean_Architecture.app/$(BUNDLE_EXECUTABLE_FOLDER_PATH)/Swift_UI_Clean_Architecture";
			};
			name = Release;
		};
		26665DA62FAFA7080049A376 /* Debug */ = {
			isa = XCBuildConfiguration;
			buildSettings = {
				CODE_SIGN_STYLE = Automatic;
				CURRENT_PROJECT_VERSION = 1;
				GENERATE_INFOPLIST_FILE = YES;
				MARKETING_VERSION = 1.0;
				PRODUCT_BUNDLE_IDENTIFIER = "com.akashrevanna.Swift-UI-Clean-ArchitectureUITests";
				PRODUCT_NAME = "$(TARGET_NAME)";
				STRING_CATALOG_GENERATE_SYMBOLS = NO;
				SWIFT_APPROACHABLE_CONCURRENCY = YES;
				SWIFT_EMIT_LOC_STRINGS = NO;
				SWIFT_UPCOMING_FEATURE_MEMBER_IMPORT_VISIBILITY = YES;
				SWIFT_VERSION = 5.0;
				TARGETED_DEVICE_FAMILY = "1,2";
				TEST_TARGET_NAME = Swift_UI_Clean_Architecture;
			};
			name = Debug;
		};
		26665DA72FAFA7080049A376 /* Release */ = {
			isa = XCBuildConfiguration;
			buildSettings = {
				CODE_SIGN_STYLE = Automatic;
				CURRENT_PROJECT_VERSION = 1;
				GENERATE_INFOPLIST_FILE = YES;
				MARKETING_VERSION = 1.0;
				PRODUCT_BUNDLE_IDENTIFIER = "com.akashrevanna.Swift-UI-Clean-ArchitectureUITests";
				PRODUCT_NAME = "$(TARGET_NAME)";
				STRING_CATALOG_GENERATE_SYMBOLS = NO;
				SWIFT_APPROACHABLE_CONCURRENCY = YES;
				SWIFT_EMIT_LOC_STRINGS = NO;
				SWIFT_UPCOMING_FEATURE_MEMBER_IMPORT_VISIBILITY = YES;
				SWIFT_VERSION = 5.0;
				TARGETED_DEVICE_FAMILY = "1,2";
				TEST_TARGET_NAME = Swift_UI_Clean_Architecture;
			};
			name = Release;
		};
/* End XCBuildConfiguration section */

/* Begin XCConfigurationList section */
		26665D742FAFA6FF0049A376 /* Build configuration list for PBXProject "Swift_UI_Clean_Architecture" */ = {
			isa = XCConfigurationList;
			buildConfigurations = (
				26665D9D2FAFA7080049A376 /* Debug */,
				26665D9E2FAFA7080049A376 /* Release */,
			);
			defaultConfigurationIsVisible = 0;
			defaultConfigurationName = Release;
		};
		26665D9F2FAFA7080049A376 /* Build configuration list for PBXNativeTarget "Swift_UI_Clean_Architecture" */ = {
			isa = XCConfigurationList;
			buildConfigurations = (
				26665DA02FAFA7080049A376 /* Debug */,
				26665DA12FAFA7080049A376 /* Release */,
			);
			defaultConfigurationIsVisible = 0;
			defaultConfigurationName = Release;
		};
		26665DA22FAFA7080049A376 /* Build configuration list for PBXNativeTarget "Swift_UI_Clean_ArchitectureTests" */ = {
			isa = XCConfigurationList;
			buildConfigurations = (
				26665DA32FAFA7080049A376 /* Debug */,
				26665DA42FAFA7080049A376 /* Release */,
			);
			defaultConfigurationIsVisible = 0;
			defaultConfigurationName = Release;
		};
		26665DA52FAFA7080049A376 /* Build configuration list for PBXNativeTarget "Swift_UI_Clean_ArchitectureUITests" */ = {
			isa = XCConfigurationList;
			buildConfigurations = (
				26665DA62FAFA7080049A376 /* Debug */,
				26665DA72FAFA7080049A376 /* Release */,
			);
			defaultConfigurationIsVisible = 0;
			defaultConfigurationName = Release;
		};
/* End XCConfigurationList section */
	};
	rootObject = 26665D712FAFA6FF0049A376 /* Project object */;
}
